# THIS IS AN AUTOGENERATED FILE. DO NOT EDIT THIS FILE DIRECTLY.
# yarn lockfile v1


"@next/env@12.2.3":
  version "12.2.3"
  resolved "https://registry.yarnpkg.com/@next/env/-/env-12.2.3.tgz#64f210e74c137d3d9feea738795b055a7f8aebe2"
  integrity sha512-2lWKP5Xcvnor70NaaROZXBvU8z9mFReePCG8NhZw6NyNGnPvC+8s+Cre/63LAB1LKzWw/e9bZJnQUg0gYFRb2Q==

"@next/swc-android-arm-eabi@12.2.3":
  version "12.2.3"
  resolved "https://registry.yarnpkg.com/@next/swc-android-arm-eabi/-/swc-android-arm-eabi-12.2.3.tgz#91388c8ec117d59ee80d2c1d4dc65fdfd267d2d4"
  integrity sha512-JxmCW9XB5PYnkGE67BdnBTdqW0SW6oMCiPMHLdjeRi4T3U4JJKJGnjQld99+6TPOfPWigtw3W7Cijp5gc+vJ/w==

"@next/swc-android-arm64@12.2.3":
  version "12.2.3"
  resolved "https://registry.yarnpkg.com/@next/swc-android-arm64/-/swc-android-arm64-12.2.3.tgz#9be33553861f6494616b910a23abd5a1b0d7fb4b"
  integrity sha512-3l4zXpWnzy0fqoedsFRxzMy/eGlMMqn6IwPEuBmtEQ4h7srmQFHyT+Bk+eVHb0o1RQ7/TloAa+mu8JX5tz/5tA==

"@next/swc-darwin-arm64@12.2.3":
  version "12.2.3"
  resolved "https://registry.yarnpkg.com/@next/swc-darwin-arm64/-/swc-darwin-arm64-12.2.3.tgz#ce1a5a7320936b2644b765ace3283e5d1676b6a0"
  integrity sha512-eutDO/RH6pf7+8zHo3i2GKLhF0qaMtxWpY8k3Oa1k+CyrcJ0IxwkfH/x3f75jTMeCrThn6Uu8j3WeZOxvhto1Q==

"@next/swc-darwin-x64@12.2.3":
  version "12.2.3"
  resolved "https://registry.yarnpkg.com/@next/swc-darwin-x64/-/swc-darwin-x64-12.2.3.tgz#f70ce07016501c6f823035bc67296b8f80201145"
  integrity sha512-lve+lnTiddXbcT3Lh2ujOFywQSEycTYQhuf6j6JrPu9oLQGS01kjIqqSj3/KMmSoppEnXo3BxkgYu+g2+ecHkA==

"@next/swc-freebsd-x64@12.2.3":
  version "12.2.3"
  resolved "https://registry.yarnpkg.com/@next/swc-freebsd-x64/-/swc-freebsd-x64-12.2.3.tgz#ccc6fa4588dadec85458091aa19c17bc3e99a10d"
  integrity sha512-V4bZU1qBFkULTPW53phY8ypioh3EERzHu9YKAasm9RxU4dj+8c/4s60y+kbFkFEEpIUgEU6yNuYZRR4lHHbUGA==

"@next/swc-linux-arm-gnueabihf@12.2.3":
  version "12.2.3"
  resolved "https://registry.yarnpkg.com/@next/swc-linux-arm-gnueabihf/-/swc-linux-arm-gnueabihf-12.2.3.tgz#d7a481d3ede14dee85707d0807b4a05cd2300950"
  integrity sha512-MWxS/i+XSEKdQE0ZmdYkPPrWKBi4JwMVaXdOW9J/T/sZJsHsLlSC9ErBcNolKAJEVka+tnw9oPRyRCKOj+q0sw==

"@next/swc-linux-arm64-gnu@12.2.3":
  version "12.2.3"
  resolved "https://registry.yarnpkg.com/@next/swc-linux-arm64-gnu/-/swc-linux-arm64-gnu-12.2.3.tgz#6d105c971cc0957c25563aa98af475291b4cd8aa"
  integrity sha512-ikXkqAmvEcWTzIQFDdmrUHLWzdDAF5s2pVsSpQn9rk/gK1i9webH1GRQd2bSM7JLuPBZSaYrNGvDTyHZdSEYlg==

"@next/swc-linux-arm64-musl@12.2.3":
  version "12.2.3"
  resolved "https://registry.yarnpkg.com/@next/swc-linux-arm64-musl/-/swc-linux-arm64-musl-12.2.3.tgz#bebfe490130e3cb8746a03d35a5a9e23ac0e6f9b"
  integrity sha512-wE45gGFkeLLLnCoveKaBrdpYkkypl3qwNF2YhnfvfVK7etuu1O679LwClhCWinDVBr+KOkmyHok00Z+0uI1ycg==

"@next/swc-linux-x64-gnu@12.2.3":
  version "12.2.3"
  resolved "https://registry.yarnpkg.com/@next/swc-linux-x64-gnu/-/swc-linux-x64-gnu-12.2.3.tgz#84a3d99f9d656fbc139f3a19f9b1baf73877d18f"
  integrity sha512-MbFI6413VSXiREzHwYD8YAJLTknBaC+bmjXgdHEEdloeOuBFQGE3NWn3izOCTy8kV+s98VDQO8au7EKKs+bW0g==

"@next/swc-linux-x64-musl@12.2.3":
  version "12.2.3"
  resolved "https://registry.yarnpkg.com/@next/swc-linux-x64-musl/-/swc-linux-x64-musl-12.2.3.tgz#a283431f8c6c830b4bd61147094f150ea7deeb6e"
  integrity sha512-jMBD0Va6fInbPih/dNySlNY2RpjkK6MXS+UGVEvuTswl1MZr+iahvurmshwGKpjaRwVU4DSFMD8+gfWxsTFs1Q==

"@next/swc-win32-arm64-msvc@12.2.3":
  version "12.2.3"
  resolved "https://registry.yarnpkg.com/@next/swc-win32-arm64-msvc/-/swc-win32-arm64-msvc-12.2.3.tgz#bab9ba8736d81db128badb70024268469eaa9b34"
  integrity sha512-Cq8ToPdc0jQP2C7pjChYctAsEe7+lO/B826ZCK5xFzobuHPiCyJ2Mzx/nEQwCY4SpYkeJQtCbwlCz5iyGW5zGg==

"@next/swc-win32-ia32-msvc@12.2.3":
  version "12.2.3"
  resolved "https://registry.yarnpkg.com/@next/swc-win32-ia32-msvc/-/swc-win32-ia32-msvc-12.2.3.tgz#feea6ada1ba3e897f39ded9f2de5006f4e1c928b"
  integrity sha512-BtFq4c8IpeB0sDhJMHJFgm86rPkOvmYI8k3De8Y2kgNVWSeLQ0Q929PWf7e+GqcX1015ei/gEB41ZH8Iw49NzA==

"@next/swc-win32-x64-msvc@12.2.3":
  version "12.2.3"
  resolved "https://registry.yarnpkg.com/@next/swc-win32-x64-msvc/-/swc-win32-x64-msvc-12.2.3.tgz#403e1575a84c31cbd7f3c0ecd51b61bc25b7f808"
  integrity sha512-huSNb98KSG77Kl96CoPgCwom28aamuUsPpRmn/4s9L0RNbbHVSkp9E6HA4yOAykZCEuWcdNsRLbVVuAbt8rtIw==

"@nodelib/fs.scandir@2.1.5":
  version "2.1.5"
  resolved "https://registry.npmjs.org/@nodelib/fs.scandir/-/fs.scandir-2.1.5.tgz"
  integrity sha512-vq24Bq3ym5HEQm2NKCr3yXDwjc7vTsEThRDnkp2DK9p1uqLR+DHurm/NOTo0KG7HYHU7eppKZj3MyqYuMBf62g==
  dependencies:
    "@nodelib/fs.stat" "2.0.5"
    run-parallel "^1.1.9"

"@nodelib/fs.stat@2.0.5", "@nodelib/fs.stat@^2.0.2":
  version "2.0.5"
  resolved "https://registry.npmjs.org/@nodelib/fs.stat/-/fs.stat-2.0.5.tgz"
  integrity sha512-RkhPPp2zrqDAQA/2jNhnztcPAlv64XdhIp7a7454A5ovI7Bukxgt7MX7udwAu3zg1DcpPU0rz3VV1SeaqvY4+A==

"@nodelib/fs.walk@^1.2.3":
  version "1.2.8"
  resolved "https://registry.npmjs.org/@nodelib/fs.walk/-/fs.walk-1.2.8.tgz"
  integrity sha512-oGB+UxlgWcgQkgwo8GcEGwemoTFt3FIO9ababBmaGwXIoBKZ+GTy0pP185beGg7Llih/NSHSV2XAs1lnznocSg==
  dependencies:
    "@nodelib/fs.scandir" "2.1.5"
    fastq "^1.6.0"

"@stripe/react-stripe-js@1.1.2":
  version "1.1.2"
  resolved "https://registry.yarnpkg.com/@stripe/react-stripe-js/-/react-stripe-js-1.1.2.tgz#a7f5ef5b4d7dc7fa723501b706644414cfe6dcba"
  integrity sha512-07hu8RJXwWKGbvdvd1yt1cYvGtDB8jFX+q10f7FQuItUt9rlSo0am3WIx845iMHANiYgxyRb1PS201Yle9xxPQ==
  dependencies:
    prop-types "^15.7.2"

"@stripe/stripe-js@1.5.0":
  version "1.5.0"
  resolved "https://registry.yarnpkg.com/@stripe/stripe-js/-/stripe-js-1.5.0.tgz#95540ebadd40875fb5c36c64df366ca370fb987e"
  integrity sha512-KCctMhOYCKtyXf0lnO7D+1aHRC566LQf2I490GqvLHhgjGfzf4O44eUXZsOi5IxJkJTtcCBtxKYXXlwuDif/KA==

"@swc/helpers@0.4.3":
  version "0.4.3"
  resolved "https://registry.yarnpkg.com/@swc/helpers/-/helpers-0.4.3.tgz#16593dfc248c53b699d4b5026040f88ddb497012"
  integrity sha512-6JrF+fdUK2zbGpJIlN7G3v966PQjyx/dPt1T9km2wj+EUBqgrxCk3uX4Kct16MIm9gGxfKRcfax2hVf5jvlTzA==
  dependencies:
    tslib "^2.4.0"

"@types/micro-cors@^0.1.0":
  version "0.1.2"
  resolved "https://registry.npmjs.org/@types/micro-cors/-/micro-cors-0.1.2.tgz"
  integrity sha512-dlNOHHaatKcuYXGMHkqICtFdthd+3tE8pFIrDTbDBYAtlTb7HzYh+NeEgfNWiARgOnsIOuoh2L2XR4UHow84nw==
  dependencies:
    "@types/micro" "*"

"@types/micro@*", "@types/micro@^7.3.3":
  version "7.3.7"
  resolved "https://registry.npmjs.org/@types/micro/-/micro-7.3.7.tgz"
  integrity sha512-MFsX7eCj0Tg3TtphOQvANNvNtFpya+s/rYOCdV6o+DFjOQPFi2EVRbBALjbbgZTXUaJP1Q281MJiJOD40d0UxQ==
  dependencies:
    "@types/node" "*"

"@types/node@*", "@types/node@>=8.1.0", "@types/node@^13.1.2":
  version "13.13.52"
  resolved "https://registry.npmjs.org/@types/node/-/node-13.13.52.tgz"
  integrity sha512-s3nugnZumCC//n4moGGe6tkNMyYEdaDBitVjwPxXmR5lnMG5dHePinH2EdxkG3Rh1ghFHHixAG4NJhpJW1rthQ==

"@types/prop-types@*":
  version "15.7.5"
  resolved "https://registry.npmjs.org/@types/prop-types/-/prop-types-15.7.5.tgz"
  integrity sha512-JCB8C6SnDoQf0cNycqd/35A7MjcnK+ZTqE7judS6o7utxUCg6imJg3QK2qzHKszlTjcj2cn+NwMB2i96ubpj7w==

"@types/react@^16.9.17":
  version "16.14.28"
  resolved "https://registry.yarnpkg.com/@types/react/-/react-16.14.28.tgz#073258f3fe7bb80c748842c1f93aeaafe16dffad"
  integrity sha512-83zBE6+XUVXsdL3iFzOyUewdauaU+KviKCHEGOgSW52coAuqW7tEKQM0E9+ZC0Zk6TELQ2/JgogPvp7FavzFwg==
  dependencies:
    "@types/prop-types" "*"
    "@types/scheduler" "*"
    csstype "^3.0.2"

"@types/scheduler@*":
  version "0.16.2"
  resolved "https://registry.npmjs.org/@types/scheduler/-/scheduler-0.16.2.tgz"
  integrity sha512-hppQEBDmlwhFAXKJX2KnWLYu5yMfi91yazPb2l+lbJiwW+wdo1gNeRA+3RgNSO39WYX2euey41KEwnqesU2Jew==

acorn-node@^1.8.2:
  version "1.8.2"
  resolved "https://registry.yarnpkg.com/acorn-node/-/acorn-node-1.8.2.tgz#114c95d64539e53dede23de8b9d96df7c7ae2af8"
  integrity sha512-8mt+fslDufLYntIoPAaIMUe/lrbrehIiwmR3t2k9LljIzoigEPF27eLk2hy8zSGzmR/ogr7zbRKINMo1u0yh5A==
  dependencies:
    acorn "^7.0.0"
    acorn-walk "^7.0.0"
    xtend "^4.0.2"

acorn-walk@^7.0.0:
  version "7.2.0"
  resolved "https://registry.npmjs.org/acorn-walk/-/acorn-walk-7.2.0.tgz"
  integrity sha512-OPdCF6GsMIP+Az+aWfAAOEt2/+iVDKE7oy6lJ098aoe59oAmK76qV6Gw60SbZ8jHuG2wH058GF4pLFbYamYrVA==

acorn@^7.0.0:
  version "7.4.1"
  resolved "https://registry.npmjs.org/acorn/-/acorn-7.4.1.tgz"
  integrity sha512-nQyp0o1/mNdbTO1PO6kHkwSrmgZ0MT/jCCpNiwbUjGoRN4dlBhqJtoQuCnEOKzgTVwg0ZWiCoQy6SxMebQVh8A==

anymatch@~3.1.2:
  version "3.1.2"
  resolved "https://registry.npmjs.org/anymatch/-/anymatch-3.1.2.tgz"
  integrity sha512-P43ePfOAIupkguHUycrc4qJ9kz8ZiuOUijaETwX7THt0Y/GNK7v0aa8rY816xWjZ7rJdA5XdMcpVFTKMq+RvWg==
  dependencies:
    normalize-path "^3.0.0"
    picomatch "^2.0.4"

arg@4.1.0:
  version "4.1.0"
  resolved "https://registry.npmjs.org/arg/-/arg-4.1.0.tgz"
  integrity sha512-ZWc51jO3qegGkVh8Hwpv636EkbesNV5ZNQPCtRa+0qytRYPEs9IYT9qITY9buezqUH5uqyzlWLcufrzU2rffdg==

arg@^5.0.2:
  version "5.0.2"
  resolved "https://registry.yarnpkg.com/arg/-/arg-5.0.2.tgz#c81433cc427c92c4dcf4865142dbca6f15acd59c"
  integrity sha512-PYjyFOLKQ9y57JvQ6QLo8dAgNqswh8M1RMJYdQduT6xbWSgK36P/Z/v+p888pM69jMMfS8Xd8F6I1kQ/I9HUGg==

autoprefixer@^10.4.5:
  version "10.4.5"
  resolved "https://registry.npmjs.org/autoprefixer/-/autoprefixer-10.4.5.tgz"
  integrity sha512-Fvd8yCoA7lNX/OUllvS+aS1I7WRBclGXsepbvT8ZaPgrH24rgXpZzF0/6Hh3ZEkwg+0AES/Osd196VZmYoEFtw==
  dependencies:
    browserslist "^4.20.2"
    caniuse-lite "^1.0.30001332"
    fraction.js "^4.2.0"
    normalize-range "^0.1.2"
    picocolors "^1.0.0"
    postcss-value-parser "^4.2.0"

binary-extensions@^2.0.0:
  version "2.2.0"
  resolved "https://registry.npmjs.org/binary-extensions/-/binary-extensions-2.2.0.tgz"
  integrity sha512-jDctJ/IVQbZoJykoeHbhXpOlNBqGNcwXJKJog42E5HDPUwQTSdjCHdihjj0DlnheQ7blbT6dHOafNAiS8ooQKA==

braces@^3.0.2, braces@~3.0.2:
  version "3.0.2"
  resolved "https://registry.npmjs.org/braces/-/braces-3.0.2.tgz"
  integrity sha512-b8um+L1RzM3WDSzvhm6gIz1yfTbBt6YTlcEKAvsmqCZZFw46z626lVj9j1yEPW33H5H+lBQpZMP1k8l+78Ha0A==
  dependencies:
    fill-range "^7.0.1"

browserslist@^4.20.2:
  version "4.20.3"
  resolved "https://registry.npmjs.org/browserslist/-/browserslist-4.20.3.tgz"
  integrity sha512-NBhymBQl1zM0Y5dQT/O+xiLP9/rzOIQdKM/eMJBAq7yBgaB6krIYLGejrwVYnSHZdqjscB1SPuAjHwxjvN6Wdg==
  dependencies:
    caniuse-lite "^1.0.30001332"
    electron-to-chromium "^1.4.118"
    escalade "^3.1.1"
    node-releases "^2.0.3"
    picocolors "^1.0.0"

bytes@3.0.0:
  version "3.0.0"
  resolved "https://registry.npmjs.org/bytes/-/bytes-3.0.0.tgz"
  integrity sha1-0ygVQE1olpn4Wk6k+odV3ROpYEg=

call-bind@^1.0.0:
  version "1.0.2"
  resolved "https://registry.npmjs.org/call-bind/-/call-bind-1.0.2.tgz"
  integrity sha512-7O+FbCihrB5WGbFYesctwmTKae6rOiIzmz1icreWJ+0aA7LJfuqhEso2T9ncpcFtzMQtzXf2QGGueWJGTYsqrA==
  dependencies:
    function-bind "^1.1.1"
    get-intrinsic "^1.0.2"

camelcase-css@^2.0.1:
  version "2.0.1"
  resolved "https://registry.npmjs.org/camelcase-css/-/camelcase-css-2.0.1.tgz"
  integrity sha512-QOSvevhslijgYwRx6Rv7zKdMF8lbRmx+uQGx2+vDc+KI/eBnsy9kit5aj23AgGu3pa4t9AgwbnXWqS+iOY+2aA==

caniuse-lite@^1.0.30001332:
  version "1.0.30001334"
  resolved "https://registry.npmjs.org/caniuse-lite/-/caniuse-lite-1.0.30001334.tgz"
  integrity sha512-kbaCEBRRVSoeNs74sCuq92MJyGrMtjWVfhltoHUCW4t4pXFvGjUBrfo47weBRViHkiV3eBYyIsfl956NtHGazw==

chokidar@^3.5.3:
  version "3.5.3"
  resolved "https://registry.npmjs.org/chokidar/-/chokidar-3.5.3.tgz"
  integrity sha512-Dr3sfKRP6oTcjf2JmUmFJfeVMvXBdegxB0iVQ5eb2V10uFJUCAS8OByZdVAyVb8xXNz3GjjTgj9kLWsZTqE6kw==
  dependencies:
    anymatch "~3.1.2"
    braces "~3.0.2"
    glob-parent "~5.1.2"
    is-binary-path "~2.1.0"
    is-glob "~4.0.1"
    normalize-path "~3.0.0"
    readdirp "~3.6.0"
  optionalDependencies:
    fsevents "~2.3.2"

color-name@^1.1.4:
  version "1.1.4"
  resolved "https://registry.npmjs.org/color-name/-/color-name-1.1.4.tgz"
  integrity sha512-dOy+3AuW3a2wNbZHIuMZpTcgjGuLU/uBL/ubcZF9OXbDo8ff4O8yVp5Bf0efS8uEoYo5q4Fx7dY9OgQGXgAsQA==

content-type@1.0.4:
  version "1.0.4"
  resolved "https://registry.npmjs.org/content-type/-/content-type-1.0.4.tgz"
  integrity sha512-hIP3EEPs8tB9AT1L+NUqtwOAps4mk2Zob89MWXMHjHWg9milF/j4osnnQLXBCBFBk/tvIG/tUc9mOUJiPBhPXA==

cssesc@^3.0.0:
  version "3.0.0"
  resolved "https://registry.npmjs.org/cssesc/-/cssesc-3.0.0.tgz"
  integrity sha512-/Tb/JcjK111nNScGob5MNtsntNM1aCNUDipB/TkwZFhyDrrE47SOx/18wF2bbjgc3ZzCSKW1T5nt5EbFoAz/Vg==

csstype@^3.0.2:
  version "3.0.11"
  resolved "https://registry.npmjs.org/csstype/-/csstype-3.0.11.tgz"
  integrity sha512-sa6P2wJ+CAbgyy4KFssIb/JNMLxFvKF1pCYCSXS8ZMuqZnMsrxqI2E5sPyoTpxoPU/gVZMzr2zjOfg8GIZOMsw==

defined@^1.0.0:
  version "1.0.0"
  resolved "https://registry.npmjs.org/defined/-/defined-1.0.0.tgz"
  integrity sha1-yY2bzvdWdBiOEQlpFRGZ45sfppM=

depd@1.1.1:
  version "1.1.1"
  resolved "https://registry.npmjs.org/depd/-/depd-1.1.1.tgz"
  integrity sha1-V4O04cRZ8G+lyif5kfPQbnoxA1k=

detective@^5.2.1:
  version "5.2.1"
  resolved "https://registry.yarnpkg.com/detective/-/detective-5.2.1.tgz#6af01eeda11015acb0e73f933242b70f24f91034"
  integrity sha512-v9XE1zRnz1wRtgurGu0Bs8uHKFSTdteYZNbIPFVhUZ39L/S79ppMpdmVOZAnoz1jfEFodc48n6MX483Xo3t1yw==
  dependencies:
    acorn-node "^1.8.2"
    defined "^1.0.0"
    minimist "^1.2.6"

didyoumean@^1.2.2:
  version "1.2.2"
  resolved "https://registry.npmjs.org/didyoumean/-/didyoumean-1.2.2.tgz"
  integrity sha512-gxtyfqMg7GKyhQmb056K7M3xszy/myH8w+B4RT+QXBQsvAOdc3XymqDDPHx1BgPgsdAA5SIifona89YtRATDzw==

dlv@^1.1.3:
  version "1.1.3"
  resolved "https://registry.npmjs.org/dlv/-/dlv-1.1.3.tgz"
  integrity sha512-+HlytyjlPKnIG8XuRG8WvmBP8xs8P71y+SKKS6ZXWoEgLuePxtDoUEiH7WkdePWrQ5JBpE6aoVqfZfJUQkjXwA==

dotenv@latest:
  version "16.0.1"
  resolved "https://registry.yarnpkg.com/dotenv/-/dotenv-16.0.1.tgz#8f8f9d94876c35dac989876a5d3a82a267fdce1d"
  integrity sha512-1K6hR6wtk2FviQ4kEiSjFiH5rpzEVi8WW0x96aztHVMhEspNpc4DVOUTEHtEva5VThQ8IaBX1Pe4gSzpVVUsKQ==

electron-to-chromium@^1.4.118:
  version "1.4.127"
  resolved "https://registry.npmjs.org/electron-to-chromium/-/electron-to-chromium-1.4.127.tgz"
  integrity sha512-nhD6S8nKI0O2MueC6blNOEZio+/PWppE/pevnf3LOlQA/fKPCrDp2Ao4wx4LFwmIkJpVdFdn2763YWLy9ENIZg==

escalade@^3.1.1:
  version "3.1.1"
  resolved "https://registry.npmjs.org/escalade/-/escalade-3.1.1.tgz"
  integrity sha512-k0er2gUkLf8O0zKJiAhmkTnJlTvINGv7ygDNPbeIsX/TJjGJZHuh9B2UxbsaEkmlEo9MfhrSzmhIlhRlI2GXnw==

fast-deep-equal@2.0.1:
  version "2.0.1"
  resolved "https://registry.yarnpkg.com/fast-deep-equal/-/fast-deep-equal-2.0.1.tgz#7b05218ddf9667bf7f370bf7fdb2cb15fdd0aa49"
  integrity sha512-bCK/2Z4zLidyB4ReuIsvALH6w31YfAQDmXMqMx6FyfHqvBxtjC0eRumeSu4Bs3XtXwpyIywtSTrVT99BxY1f9w==

fast-glob@^3.2.11:
  version "3.2.11"
  resolved "https://registry.npmjs.org/fast-glob/-/fast-glob-3.2.11.tgz"
  integrity sha512-xrO3+1bxSo3ZVHAnqzyuewYT6aMFHRAd4Kcs92MAonjwQZLsK9d0SF1IyQ3k5PoirxTW0Oe/RqFgMQ6TcNE5Ew==
  dependencies:
    "@nodelib/fs.stat" "^2.0.2"
    "@nodelib/fs.walk" "^1.2.3"
    glob-parent "^5.1.2"
    merge2 "^1.3.0"
    micromatch "^4.0.4"

fastq@^1.6.0:
  version "1.13.0"
  resolved "https://registry.npmjs.org/fastq/-/fastq-1.13.0.tgz"
  integrity sha512-YpkpUnK8od0o1hmeSc7UUs/eB/vIPWJYjKck2QKIzAf71Vm1AAQ3EbuZB3g2JIy+pg+ERD0vqI79KyZiB2e2Nw==
  dependencies:
    reusify "^1.0.4"

fill-range@^7.0.1:
  version "7.0.1"
  resolved "https://registry.npmjs.org/fill-range/-/fill-range-7.0.1.tgz"
  integrity sha512-qOo9F+dMUmC2Lcb4BbVvnKJxTPjCm+RRpe4gDuGrzkL7mEVl/djYSu2OdQ2Pa302N4oqkSg9ir6jaLWJ2USVpQ==
  dependencies:
    to-regex-range "^5.0.1"

fraction.js@^4.2.0:
  version "4.2.0"
  resolved "https://registry.npmjs.org/fraction.js/-/fraction.js-4.2.0.tgz"
  integrity sha512-MhLuK+2gUcnZe8ZHlaaINnQLl0xRIGRfcGk2yl8xoQAfHrSsL3rYu6FCmBdkdbhc9EPlwyGHewaRsvwRMJtAlA==

fsevents@~2.3.2:
  version "2.3.2"
  resolved "https://registry.yarnpkg.com/fsevents/-/fsevents-2.3.2.tgz#8a526f78b8fdf4623b709e0b975c52c24c02fd1a"
  integrity sha512-xiqMQR4xAeHTuB9uWm+fFRcIOgKBMiOBP+eXiyT7jsgVCq1bkVygt00oASowB7EdtpOHaaPgKt812P9ab+DDKA==

function-bind@^1.1.1:
  version "1.1.1"
  resolved "https://registry.npmjs.org/function-bind/-/function-bind-1.1.1.tgz"
  integrity sha512-yIovAzMX49sF8Yl58fSCWJ5svSLuaibPxXQJFLmBObTuCr0Mf1KiPopGM9NiFjiYBCbfaa2Fh6breQ6ANVTI0A==

get-intrinsic@^1.0.2:
  version "1.1.1"
  resolved "https://registry.npmjs.org/get-intrinsic/-/get-intrinsic-1.1.1.tgz"
  integrity sha512-kWZrnVM42QCiEA2Ig1bG8zjoIMOgxWwYCEeNdwY6Tv/cOSeGpcoX4pXHfKUxNKVoArnrEr2e9srnAxxGIraS9Q==
  dependencies:
    function-bind "^1.1.1"
    has "^1.0.3"
    has-symbols "^1.0.1"

glob-parent@^5.1.2, glob-parent@~5.1.2:
  version "5.1.2"
  resolved "https://registry.npmjs.org/glob-parent/-/glob-parent-5.1.2.tgz"
  integrity sha512-AOIgSQCepiJYwP3ARnGx+5VnTu2HBYdzbGP45eLw1vr3zB3vZLeyed1sC9hnbcOc9/SrMyM5RPQrkGz4aS9Zow==
  dependencies:
    is-glob "^4.0.1"

glob-parent@^6.0.2:
  version "6.0.2"
  resolved "https://registry.npmjs.org/glob-parent/-/glob-parent-6.0.2.tgz"
  integrity sha512-XxwI8EOhVQgWp6iDL+3b0r86f4d6AX6zSU55HfB4ydCEuXLXc5FcYeOu+nnGftS4TEju/11rt4KJPTMgbfmv4A==
  dependencies:
    is-glob "^4.0.3"

has-symbols@^1.0.1:
  version "1.0.3"
  resolved "https://registry.npmjs.org/has-symbols/-/has-symbols-1.0.3.tgz"
  integrity sha512-l3LCuF6MgDNwTDKkdYGEihYjt5pRPbEg46rtlmnSPlUbgmB8LOIrKJbYYFBSbnPaJexMKtiPO8hmeRjRz2Td+A==

has@^1.0.3:
  version "1.0.3"
  resolved "https://registry.npmjs.org/has/-/has-1.0.3.tgz"
  integrity sha512-f2dvO0VU6Oej7RkWJGrehjbzMAjFp5/VKPp5tTpWIV4JHHZK1/BxbFRtf/siA2SWTe09caDmVtYYzWEIbBS4zw==
  dependencies:
    function-bind "^1.1.1"

http-errors@1.6.2:
  version "1.6.2"
  resolved "https://registry.npmjs.org/http-errors/-/http-errors-1.6.2.tgz"
  integrity sha1-CgAsyFcHGSp+eUbO7cERVfYOxzY=
  dependencies:
    depd "1.1.1"
    inherits "2.0.3"
    setprototypeof "1.0.3"
    statuses ">= 1.3.1 < 2"

iconv-lite@0.4.19:
  version "0.4.19"
  resolved "https://registry.npmjs.org/iconv-lite/-/iconv-lite-0.4.19.tgz"
  integrity sha512-oTZqweIP51xaGPI4uPa56/Pri/480R+mo7SeU+YETByQNhDG55ycFyNLIgta9vXhILrxXDmF7ZGhqZIcuN0gJQ==

inherits@2.0.3:
  version "2.0.3"
  resolved "https://registry.npmjs.org/inherits/-/inherits-2.0.3.tgz"
  integrity sha1-Yzwsg+PaQqUC9SRmAiSA9CCCYd4=

is-binary-path@~2.1.0:
  version "2.1.0"
  resolved "https://registry.npmjs.org/is-binary-path/-/is-binary-path-2.1.0.tgz"
  integrity sha512-ZMERYes6pDydyuGidse7OsHxtbI7WVeUEozgR/g7rd0xUimYNlvZRE/K2MgZTjWy725IfelLeVcEM97mmtRGXw==
  dependencies:
    binary-extensions "^2.0.0"

is-core-module@^2.9.0:
  version "2.9.0"
  resolved "https://registry.yarnpkg.com/is-core-module/-/is-core-module-2.9.0.tgz#e1c34429cd51c6dd9e09e0799e396e27b19a9c69"
  integrity sha512-+5FPy5PnwmO3lvfMb0AsoPaBG+5KHUI0wYFXOtYPnVVVspTFUuMZNfNaNVRt3FZadstu2c8x23vykRW/NBoU6A==
  dependencies:
    has "^1.0.3"

is-extglob@^2.1.1:
  version "2.1.1"
  resolved "https://registry.npmjs.org/is-extglob/-/is-extglob-2.1.1.tgz"
  integrity sha1-qIwCU1eR8C7TfHahueqXc8gz+MI=

is-glob@^4.0.1, is-glob@^4.0.3, is-glob@~4.0.1:
  version "4.0.3"
  resolved "https://registry.npmjs.org/is-glob/-/is-glob-4.0.3.tgz"
  integrity sha512-xelSayHH36ZgE7ZWhli7pW34hNbNl8Ojv5KVmkJD4hBdD3th8Tfk9vYasLM+mXWOZhFkgZfxhLSnrwRr4elSSg==
  dependencies:
    is-extglob "^2.1.1"

is-number@^7.0.0:
  version "7.0.0"
  resolved "https://registry.npmjs.org/is-number/-/is-number-7.0.0.tgz"
  integrity sha512-41Cifkg6e8TylSpdtTpeLVMqvSBEVzTttHvERD741+pnZ8ANv0004MRL43QKPDlK9cGvNp6NZWZUBlbGXYxxng==

is-stream@1.1.0:
  version "1.1.0"
  resolved "https://registry.npmjs.org/is-stream/-/is-stream-1.1.0.tgz"
  integrity sha1-EtSj3U5o4Lec6428hBc66A2RykQ=

"js-tokens@^3.0.0 || ^4.0.0":
  version "4.0.0"
  resolved "https://registry.npmjs.org/js-tokens/-/js-tokens-4.0.0.tgz"
  integrity sha512-RdJUflcE3cUzKiMqQgsCu06FPu9UdIJO0beYbPhHN4k6apgJtifcoCtT9bcxOpYBtpD2kCM6Sbzg4CausW/PKQ==

lilconfig@^2.0.5:
  version "2.0.5"
  resolved "https://registry.npmjs.org/lilconfig/-/lilconfig-2.0.5.tgz"
  integrity sha512-xaYmXZtTHPAw5m+xLN8ab9C+3a8YmV3asNSPOATITbtwrfbwaLJj8h66H1WMIpALCkqsIzK3h7oQ+PdX+LQ9Eg==

loose-envify@^1.1.0, loose-envify@^1.4.0:
  version "1.4.0"
  resolved "https://registry.npmjs.org/loose-envify/-/loose-envify-1.4.0.tgz"
  integrity sha512-lyuxPGr/Wfhrlem2CL/UcnUc1zcqKAImBDzukY7Y5F/yQiNdko6+fRLevlw1HgMySw7f611UIY408EtxRSoK3Q==
  dependencies:
    js-tokens "^3.0.0 || ^4.0.0"

merge2@^1.3.0:
  version "1.4.1"
  resolved "https://registry.npmjs.org/merge2/-/merge2-1.4.1.tgz"
  integrity sha512-8q7VEgMJW4J8tcfVPy8g09NcQwZdbwFEqhe/WZkoIzjn/3TGDwtOCYtXGxA3O8tPzpczCCDgv+P2P5y00ZJOOg==

micro-cors@^0.1.1:
  version "0.1.1"
  resolved "https://registry.npmjs.org/micro-cors/-/micro-cors-0.1.1.tgz"
  integrity sha512-6WqIahA5sbQR1Gjexp1VuWGFDKbZZleJb/gy1khNGk18a6iN1FdTcr3Q8twaxkV5H94RjxIBjirYbWCehpMBFw==

micro@^9.3.4:
  version "9.3.4"
  resolved "https://registry.npmjs.org/micro/-/micro-9.3.4.tgz"
  integrity sha512-smz9naZwTG7qaFnEZ2vn248YZq9XR+XoOH3auieZbkhDL4xLOxiE+KqG8qqnBeKfXA9c1uEFGCxPN1D+nT6N7w==
  dependencies:
    arg "4.1.0"
    content-type "1.0.4"
    is-stream "1.1.0"
    raw-body "2.3.2"

micromatch@^4.0.4:
  version "4.0.5"
  resolved "https://registry.npmjs.org/micromatch/-/micromatch-4.0.5.tgz"
  integrity sha512-DMy+ERcEW2q8Z2Po+WNXuw3c5YaUSFjAO5GsJqfEl7UjvtIuFKO6ZrKvcItdy98dwFI2N1tg3zNIdKaQT+aNdA==
  dependencies:
    braces "^3.0.2"
    picomatch "^2.3.1"

minimist@^1.2.6:
  version "1.2.6"
  resolved "https://registry.yarnpkg.com/minimist/-/minimist-1.2.6.tgz#8637a5b759ea0d6e98702cfb3a9283323c93af44"
  integrity sha512-Jsjnk4bw3YJqYzbdyBiNsPWHPfO++UGG749Cxs6peCu5Xg4nrena6OVxOYxrQTqww0Jmwt+Ref8rggumkTLz9Q==

nanoid@^3.3.1:
  version "3.3.3"
  resolved "https://registry.npmjs.org/nanoid/-/nanoid-3.3.3.tgz"
  integrity sha512-p1sjXuopFs0xg+fPASzQ28agW1oHD7xDsd9Xkf3T15H3c/cifrFHVwrh74PdoklAPi+i7MdRsE47vm2r6JoB+w==

nanoid@^3.3.4:
  version "3.3.4"
  resolved "https://registry.yarnpkg.com/nanoid/-/nanoid-3.3.4.tgz#730b67e3cd09e2deacf03c027c81c9d9dbc5e8ab"
  integrity sha512-MqBkQh/OHTS2egovRtLk45wEyNXwF+cokD+1YPf9u5VfJiRdAiRwB2froX5Co9Rh20xs4siNPm8naNotSD6RBw==

next@latest:
  version "12.2.3"
  resolved "https://registry.yarnpkg.com/next/-/next-12.2.3.tgz#c29d235ce480e589894dfab3120dade25d015a22"
  integrity sha512-TA0tmSA6Dk6S6kfvCNbF7CWYW8468gZUxr/3/30z4KvAQbXnl2ASYZElVe7q/hBW/1F1ee0tSBlHa4/sn+ZIBw==
  dependencies:
    "@next/env" "12.2.3"
    "@swc/helpers" "0.4.3"
    caniuse-lite "^1.0.30001332"
    postcss "8.4.14"
    styled-jsx "5.0.2"
    use-sync-external-store "1.2.0"
  optionalDependencies:
    "@next/swc-android-arm-eabi" "12.2.3"
    "@next/swc-android-arm64" "12.2.3"
    "@next/swc-darwin-arm64" "12.2.3"
    "@next/swc-darwin-x64" "12.2.3"
    "@next/swc-freebsd-x64" "12.2.3"
    "@next/swc-linux-arm-gnueabihf" "12.2.3"
    "@next/swc-linux-arm64-gnu" "12.2.3"
    "@next/swc-linux-arm64-musl" "12.2.3"
    "@next/swc-linux-x64-gnu" "12.2.3"
    "@next/swc-linux-x64-musl" "12.2.3"
    "@next/swc-win32-arm64-msvc" "12.2.3"
    "@next/swc-win32-ia32-msvc" "12.2.3"
    "@next/swc-win32-x64-msvc" "12.2.3"

node-releases@^2.0.3:
  version "2.0.4"
  resolved "https://registry.npmjs.org/node-releases/-/node-releases-2.0.4.tgz"
  integrity sha512-gbMzqQtTtDz/00jQzZ21PQzdI9PyLYqUSvD0p3naOhX4odFji0ZxYdnVwPTxmSwkmxhcFImpozceidSG+AgoPQ==

normalize-path@^3.0.0, normalize-path@~3.0.0:
  version "3.0.0"
  resolved "https://registry.npmjs.org/normalize-path/-/normalize-path-3.0.0.tgz"
  integrity sha512-6eZs5Ls3WtCisHWp9S2GUy8dqkpGi4BVSz3GaqiE6ezub0512ESztXUwUB6C6IKbQkY2Pnb/mD4WYojCRwcwLA==

normalize-range@^0.1.2:
  version "0.1.2"
  resolved "https://registry.npmjs.org/normalize-range/-/normalize-range-0.1.2.tgz"
  integrity sha1-LRDAa9/TEuqXd2laTShDlFa3WUI=

object-assign@^4.1.1:
  version "4.1.1"
  resolved "https://registry.npmjs.org/object-assign/-/object-assign-4.1.1.tgz"
  integrity sha1-IQmtx5ZYh8/AXLvUQsrIv7s2CGM=

object-hash@^3.0.0:
  version "3.0.0"
  resolved "https://registry.npmjs.org/object-hash/-/object-hash-3.0.0.tgz"
  integrity sha512-RSn9F68PjH9HqtltsSnqYC1XXoWe9Bju5+213R98cNGttag9q9yAOTzdbsqvIa7aNm5WffBZFpWYr2aWrklWAw==

object-inspect@^1.9.0:
  version "1.12.0"
  resolved "https://registry.npmjs.org/object-inspect/-/object-inspect-1.12.0.tgz"
  integrity sha512-Ho2z80bVIvJloH+YzRmpZVQe87+qASmBUKZDWgx9cu+KDrX2ZDH/3tMy+gXbZETVGs2M8YdxObOh7XAtim9Y0g==

path-parse@^1.0.7:
  version "1.0.7"
  resolved "https://registry.npmjs.org/path-parse/-/path-parse-1.0.7.tgz"
  integrity sha512-LDJzPVEEEPR+y48z93A0Ed0yXb8pAByGWo/k5YYdYgpY2/2EsOsksJrq7lOHxryrVOn1ejG6oAp8ahvOIQD8sw==

picocolors@^1.0.0:
  version "1.0.0"
  resolved "https://registry.npmjs.org/picocolors/-/picocolors-1.0.0.tgz"
  integrity sha512-1fygroTLlHu66zi26VoTDv8yRgm0Fccecssto+MhsZ0D/DGW2sm8E8AjW7NU5VVTRt5GxbeZ5qBuJr+HyLYkjQ==

picomatch@^2.0.4, picomatch@^2.2.1, picomatch@^2.3.1:
  version "2.3.1"
  resolved "https://registry.npmjs.org/picomatch/-/picomatch-2.3.1.tgz"
  integrity sha512-JU3teHTNjmE2VCGFzuY8EXzCDVwEqB2a8fsIvwaStHhAWJEeVd1o1QD80CU6+ZdEXXSLbSsuLwJjkCBWqRQUVA==

pify@^2.3.0:
  version "2.3.0"
  resolved "https://registry.yarnpkg.com/pify/-/pify-2.3.0.tgz#ed141a6ac043a849ea588498e7dca8b15330e90c"
  integrity sha512-udgsAY+fTnvv7kI7aaxbqwWNb0AHiB0qBO89PZKPkoTmGOgdbrHDKD+0B2X4uTfJ/FT1R09r9gTsjUjNJotuog==

postcss-import@^14.1.0:
  version "14.1.0"
  resolved "https://registry.yarnpkg.com/postcss-import/-/postcss-import-14.1.0.tgz#a7333ffe32f0b8795303ee9e40215dac922781f0"
  integrity sha512-flwI+Vgm4SElObFVPpTIT7SU7R3qk2L7PyduMcokiaVKuWv9d/U+Gm/QAd8NDLuykTWTkcrjOeD2Pp1rMeBTGw==
  dependencies:
    postcss-value-parser "^4.0.0"
    read-cache "^1.0.0"
    resolve "^1.1.7"

postcss-js@^4.0.0:
  version "4.0.0"
  resolved "https://registry.npmjs.org/postcss-js/-/postcss-js-4.0.0.tgz"
  integrity sha512-77QESFBwgX4irogGVPgQ5s07vLvFqWr228qZY+w6lW599cRlK/HmnlivnnVUxkjHnCu4J16PDMHcH+e+2HbvTQ==
  dependencies:
    camelcase-css "^2.0.1"

postcss-load-config@^3.1.4:
  version "3.1.4"
  resolved "https://registry.npmjs.org/postcss-load-config/-/postcss-load-config-3.1.4.tgz"
  integrity sha512-6DiM4E7v4coTE4uzA8U//WhtPwyhiim3eyjEMFCnUpzbrkK9wJHgKDT2mR+HbtSrd/NubVaYTOpSpjUl8NQeRg==
  dependencies:
    lilconfig "^2.0.5"
    yaml "^1.10.2"

postcss-nested@5.0.6:
  version "5.0.6"
  resolved "https://registry.npmjs.org/postcss-nested/-/postcss-nested-5.0.6.tgz"
  integrity sha512-rKqm2Fk0KbA8Vt3AdGN0FB9OBOMDVajMG6ZCf/GoHgdxUJ4sBFp0A/uMIRm+MJUdo33YXEtjqIz8u7DAp8B7DA==
  dependencies:
    postcss-selector-parser "^6.0.6"

postcss-selector-parser@^6.0.10, postcss-selector-parser@^6.0.6:
  version "6.0.10"
  resolved "https://registry.npmjs.org/postcss-selector-parser/-/postcss-selector-parser-6.0.10.tgz"
  integrity sha512-IQ7TZdoaqbT+LCpShg46jnZVlhWD2w6iQYAcYXfHARZ7X1t/UGhhceQDs5X0cGqKvYlHNOuv7Oa1xmb0oQuA3w==
  dependencies:
    cssesc "^3.0.0"
    util-deprecate "^1.0.2"

postcss-value-parser@^4.0.0, postcss-value-parser@^4.2.0:
  version "4.2.0"
  resolved "https://registry.npmjs.org/postcss-value-parser/-/postcss-value-parser-4.2.0.tgz"
  integrity sha512-1NNCs6uurfkVbeXG4S8JFT9t19m45ICnif8zWLd5oPSZ50QnwMfK+H3jv408d4jw/7Bttv5axS5IiHoLaVNHeQ==

postcss@8.4.14, postcss@^8.4.14:
  version "8.4.14"
  resolved "https://registry.yarnpkg.com/postcss/-/postcss-8.4.14.tgz#ee9274d5622b4858c1007a74d76e42e56fd21caf"
  integrity sha512-E398TUmfAYFPBSdzgeieK2Y1+1cpdxJx8yXbK/m57nRhKSmk1GB2tO4lbLBtlkfPQTDKfe4Xqv1ASWPpayPEig==
  dependencies:
    nanoid "^3.3.4"
    picocolors "^1.0.0"
    source-map-js "^1.0.2"

postcss@^8.4.12:
  version "8.4.12"
  resolved "https://registry.npmjs.org/postcss/-/postcss-8.4.12.tgz"
  integrity sha512-lg6eITwYe9v6Hr5CncVbK70SoioNQIq81nsaG86ev5hAidQvmOeETBqs7jm43K2F5/Ley3ytDtriImV6TpNiSg==
  dependencies:
    nanoid "^3.3.1"
    picocolors "^1.0.0"
    source-map-js "^1.0.2"

prop-types@^15.6.2, prop-types@^15.7.2:
  version "15.8.1"
  resolved "https://registry.yarnpkg.com/prop-types/-/prop-types-15.8.1.tgz#67d87bf1a694f48435cf332c24af10214a3140b5"
  integrity sha512-oj87CgZICdulUohogVAR7AjlC0327U4el4L6eAvOqCeudMDVU0NThNaV+b9Df4dXgSP1gXMTnPdhfe/2qDH5cg==
  dependencies:
    loose-envify "^1.4.0"
    object-assign "^4.1.1"
    react-is "^16.13.1"

qs@^6.6.0:
  version "6.11.0"
  resolved "https://registry.yarnpkg.com/qs/-/qs-6.11.0.tgz#fd0d963446f7a65e1367e01abd85429453f0c37a"
  integrity sha512-MvjoMCJwEarSbUYk5O+nmoSzSutSsTwF85zcHPQ9OrlFoZOYIjaqBAJIqIXjptyD5vThxGq52Xu/MaJzRkIk4Q==
  dependencies:
    side-channel "^1.0.4"

queue-microtask@^1.2.2:
  version "1.2.3"
  resolved "https://registry.npmjs.org/queue-microtask/-/queue-microtask-1.2.3.tgz"
  integrity sha512-NuaNSa6flKT5JaSYQzJok04JzTL1CA6aGhv5rfLW3PgqA+M2ChpZQnAC8h8i4ZFkBS8X5RqkDBHA7r4hej3K9A==

quick-lru@^5.1.1:
  version "5.1.1"
  resolved "https://registry.npmjs.org/quick-lru/-/quick-lru-5.1.1.tgz"
  integrity sha512-WuyALRjWPDGtt/wzJiadO5AXY+8hZ80hVpe6MyivgraREW751X3SbhRvG3eLKOYN+8VEvqLcf3wdnt44Z4S4SA==

raw-body@2.3.2:
  version "2.3.2"
  resolved "https://registry.npmjs.org/raw-body/-/raw-body-2.3.2.tgz"
  integrity sha1-vNYMd9Prk83gBQKVw/N5OJvIj4k=
  dependencies:
    bytes "3.0.0"
    http-errors "1.6.2"
    iconv-lite "0.4.19"
    unpipe "1.0.0"

react-dom@^16.12.0:
  version "16.14.0"
  resolved "https://registry.yarnpkg.com/react-dom/-/react-dom-16.14.0.tgz#7ad838ec29a777fb3c75c3a190f661cf92ab8b89"
  integrity sha512-1gCeQXDLoIqMgqD3IO2Ah9bnf0w9kzhwN5q4FGnHZ67hBm9yePzB5JJAIQCc8x3pFnNlwFq4RidZggNAAkzWWw==
  dependencies:
    loose-envify "^1.1.0"
    object-assign "^4.1.1"
    prop-types "^15.6.2"
    scheduler "^0.19.1"

react-is@^16.13.1:
  version "16.13.1"
  resolved "https://registry.npmjs.org/react-is/-/react-is-16.13.1.tgz"
  integrity sha512-24e6ynE2H+OKt4kqsOvNd8kBpV65zoxbA4BVsEOB3ARVWQki/DHzaUoC5KuON/BiccDaCCTZBuOcfZs70kR8bQ==

react-native-viewport-units@^0.0.5:
  version "0.0.5"
  resolved "https://registry.npmjs.org/react-native-viewport-units/-/react-native-viewport-units-0.0.5.tgz"
  integrity sha1-yGRIymSX5JqSVaSFifFgnWtz9QM=

react-storage-hooks@^4.0.0:
  version "4.0.1"
  resolved "https://registry.yarnpkg.com/react-storage-hooks/-/react-storage-hooks-4.0.1.tgz#e30ed5cda48c77c431ecc02ec3824bd615f5b7fb"
  integrity sha512-fetDkT5RDHGruc2NrdD1iqqoLuXgbx6AUpQSQLLkrCiJf8i97EtwJNXNTy3+GRfsATLG8TZgNc9lGRZOaU5yQA==

react@^16.12.0:
  version "16.14.0"
  resolved "https://registry.yarnpkg.com/react/-/react-16.14.0.tgz#94d776ddd0aaa37da3eda8fc5b6b18a4c9a3114d"
  integrity sha512-0X2CImDkJGApiAlcf0ODKIneSwBPhqJawOa5wCtKbu7ZECrmS26NvtSILynQ66cgkT/RJ4LidJOc3bUESwmU8g==
  dependencies:
    loose-envify "^1.1.0"
    object-assign "^4.1.1"
    prop-types "^15.6.2"

reactjs-popup@^2.0.5:
  version "2.0.5"
  resolved "https://registry.yarnpkg.com/reactjs-popup/-/reactjs-popup-2.0.5.tgz#588a74966bb126699429d739948e3448d7771eac"
  integrity sha512-b5hv9a6aGsHEHXFAgPO5s1Jw1eSkopueyUVxQewGdLgqk2eW0IVXZrPRpHR629YcgIpC2oxtX8OOZ8a7bQJbxA==

read-cache@^1.0.0:
  version "1.0.0"
  resolved "https://registry.yarnpkg.com/read-cache/-/read-cache-1.0.0.tgz#e664ef31161166c9751cdbe8dbcf86b5fb58f774"
  integrity sha512-Owdv/Ft7IjOgm/i0xvNDZ1LrRANRfew4b2prF3OWMQLxLfu3bS8FVhCsrSCMK4lR56Y9ya+AThoTpDCTxCmpRA==
  dependencies:
    pify "^2.3.0"

readdirp@~3.6.0:
  version "3.6.0"
  resolved "https://registry.npmjs.org/readdirp/-/readdirp-3.6.0.tgz"
  integrity sha512-hOS089on8RduqdbhvQ5Z37A0ESjsqz6qnRcffsMU3495FuTdqSm+7bhJ29JvIOsBDEEnan5DPu9t3To9VRlMzA==
  dependencies:
    picomatch "^2.2.1"

resolve@^1.1.7, resolve@^1.22.1:
  version "1.22.1"
  resolved "https://registry.yarnpkg.com/resolve/-/resolve-1.22.1.tgz#27cb2ebb53f91abb49470a928bba7558066ac177"
  integrity sha512-nBpuuYuY5jFsli/JIs1oldw6fOQCBioohqWZg/2hiaOybXOft4lonv85uDOKXdf8rhyK159cxU5cDcK/NKk8zw==
  dependencies:
    is-core-module "^2.9.0"
    path-parse "^1.0.7"
    supports-preserve-symlinks-flag "^1.0.0"

reusify@^1.0.4:
  version "1.0.4"
  resolved "https://registry.npmjs.org/reusify/-/reusify-1.0.4.tgz"
  integrity sha512-U9nH88a3fc/ekCF1l0/UP1IosiuIjyTh7hBvXVMHYgVcfGvt897Xguj2UOLDeI5BG2m7/uwyaLVT6fbtCwTyzw==

run-parallel@^1.1.9:
  version "1.2.0"
  resolved "https://registry.npmjs.org/run-parallel/-/run-parallel-1.2.0.tgz"
  integrity sha512-5l4VyZR86LZ/lDxZTR6jqL8AFE2S0IFLMP26AbjsLVADxHdhB/c0GUsH+y39UfCi3dzz8OlQuPmnaJOMoDHQBA==
  dependencies:
    queue-microtask "^1.2.2"

scheduler@^0.19.1:
  version "0.19.1"
  resolved "https://registry.yarnpkg.com/scheduler/-/scheduler-0.19.1.tgz#4f3e2ed2c1a7d65681f4c854fa8c5a1ccb40f196"
  integrity sha512-n/zwRWRYSUj0/3g/otKDRPMh6qv2SYMWNq85IEa8iZyAv8od9zDYpGSnpBEjNgcMNq6Scbu5KfIPxNF72R/2EA==
  dependencies:
    loose-envify "^1.1.0"
    object-assign "^4.1.1"

setprototypeof@1.0.3:
  version "1.0.3"
  resolved "https://registry.npmjs.org/setprototypeof/-/setprototypeof-1.0.3.tgz"
  integrity sha1-ZlZ+NwQ+608E2RvWWMDL77VbjgQ=

side-channel@^1.0.4:
  version "1.0.4"
  resolved "https://registry.npmjs.org/side-channel/-/side-channel-1.0.4.tgz"
  integrity sha512-q5XPytqFEIKHkGdiMIrY10mvLRvnQh42/+GoBlFW3b2LXLE2xxJpZFdm94we0BaoV3RwJyGqg5wS7epxTv0Zvw==
  dependencies:
    call-bind "^1.0.0"
    get-intrinsic "^1.0.2"
    object-inspect "^1.9.0"

source-map-js@^1.0.2:
  version "1.0.2"
  resolved "https://registry.npmjs.org/source-map-js/-/source-map-js-1.0.2.tgz"
  integrity sha512-R0XvVJ9WusLiqTCEiGCmICCMplcCkIwwR11mOSD9CR5u+IXYdiseeEuXCVAjS54zqwkLcPNnmU4OeJ6tUrWhDw==

"statuses@>= 1.3.1 < 2":
  version "1.5.0"
  resolved "https://registry.npmjs.org/statuses/-/statuses-1.5.0.tgz"
  integrity sha1-Fhx9rBd2Wf2YEfQ3cfqZOBR4Yow=

stripe@8.56.0:
  version "8.56.0"
  resolved "https://registry.yarnpkg.com/stripe/-/stripe-8.56.0.tgz#215c191724519b2aa3894893e0a872f24aa704f0"
  integrity sha512-HwFbAC3bhBrWFm9+2nTzztTirsFOGyPCEtKJPKiB03N6ZY+lZipBh+v6eCTaxhzHKm8/qT4vfP6DhZC7YHAOiw==
  dependencies:
    "@types/node" ">=8.1.0"
    qs "^6.6.0"

styled-jsx@5.0.2:
  version "5.0.2"
  resolved "https://registry.yarnpkg.com/styled-jsx/-/styled-jsx-5.0.2.tgz#ff230fd593b737e9e68b630a694d460425478729"
  integrity sha512-LqPQrbBh3egD57NBcHET4qcgshPks+yblyhPlH2GY8oaDgKs8SK4C3dBh3oSJjgzJ3G5t1SYEZGHkP+QEpX9EQ==

supports-preserve-symlinks-flag@^1.0.0:
  version "1.0.0"
  resolved "https://registry.npmjs.org/supports-preserve-symlinks-flag/-/supports-preserve-symlinks-flag-1.0.0.tgz"
  integrity sha512-ot0WnXS9fgdkgIcePe6RHNk1WA8+muPa6cSjeR3V8K27q9BB1rTE3R1p7Hv0z1ZyAc8s6Vvv8DIyWf681MAt0w==

swr@^0.1.16:
  version "0.1.18"
  resolved "https://registry.yarnpkg.com/swr/-/swr-0.1.18.tgz#be62df4cb8d188dc092305b35ecda1f3be8e61c1"
  integrity sha512-lD31JxsD0bXdT7dyGVIB7MHcwgFp+HbBBOLt075hJT0sEgW01E3+EuCeB6fsavxZ2UjUZ3f+SbNMo9c8pv9uiA==
  dependencies:
    fast-deep-equal "2.0.1"

tailwindcss@^3.0.24:
  version "3.1.6"
  resolved "https://registry.yarnpkg.com/tailwindcss/-/tailwindcss-3.1.6.tgz#bcb719357776c39e6376a8d84e9834b2b19a49f1"
  integrity sha512-7skAOY56erZAFQssT1xkpk+kWt2NrO45kORlxFPXUt3CiGsVPhH1smuH5XoDH6sGPXLyBv+zgCKA2HWBsgCytg==
  dependencies:
    arg "^5.0.2"
    chokidar "^3.5.3"
    color-name "^1.1.4"
    detective "^5.2.1"
    didyoumean "^1.2.2"
    dlv "^1.1.3"
    fast-glob "^3.2.11"
    glob-parent "^6.0.2"
    is-glob "^4.0.3"
    lilconfig "^2.0.5"
    normalize-path "^3.0.0"
    object-hash "^3.0.0"
    picocolors "^1.0.0"
    postcss "^8.4.14"
    postcss-import "^14.1.0"
    postcss-js "^4.0.0"
    postcss-load-config "^3.1.4"
    postcss-nested "5.0.6"
    postcss-selector-parser "^6.0.10"
    postcss-value-parser "^4.2.0"
    quick-lru "^5.1.1"
    resolve "^1.22.1"

to-regex-range@^5.0.1:
  version "5.0.1"
  resolved "https://registry.npmjs.org/to-regex-range/-/to-regex-range-5.0.1.tgz"
  integrity sha512-65P7iz6X5yEr1cwcgvQxbbIw7Uk3gOy5dIdtZ4rDveLqhrdJP+Li/Hx6tyK0NEb+2GCyneCMJiGqrADCSNk8sQ==
  dependencies:
    is-number "^7.0.0"

tslib@^2.4.0:
  version "2.4.0"
  resolved "https://registry.yarnpkg.com/tslib/-/tslib-2.4.0.tgz#7cecaa7f073ce680a05847aa77be941098f36dc3"
  integrity sha512-d6xOpEDfsi2CZVlPQzGeux8XMwLT9hssAsaPYExaQMuYskwb+x1x7J371tWlbBdWHroy99KnVB6qIkUbs5X3UQ==

typescript@^3.7.4:
  version "3.9.10"
  resolved "https://registry.yarnpkg.com/typescript/-/typescript-3.9.10.tgz#70f3910ac7a51ed6bef79da7800690b19bf778b8"
  integrity sha512-w6fIxVE/H1PkLKcCPsFqKE7Kv7QUwhU8qQY2MueZXWx5cPZdwFupLgKK3vntcK98BtNHZtAF4LA/yl2a7k8R6Q==

unpipe@1.0.0:
  version "1.0.0"
  resolved "https://registry.npmjs.org/unpipe/-/unpipe-1.0.0.tgz"
  integrity sha1-sr9O6FFKrmFltIF4KdIbLvSZBOw=

use-shopping-cart@2.1.0:
  version "2.1.0"
  resolved "https://registry.yarnpkg.com/use-shopping-cart/-/use-shopping-cart-2.1.0.tgz#93e2ec5a4ca19144d98e146948377ca8821970a9"
  integrity sha512-d/CygyZu4qpQscdYI5DDdFRkgbgWjrmUQuyHliD/jt/tQ/APGap8qC2DlaIPEBI+OrEoEumSJP0mYnCDmanTgQ==
  dependencies:
    react-storage-hooks "^4.0.0"

use-sync-external-store@1.2.0:
  version "1.2.0"
  resolved "https://registry.yarnpkg.com/use-sync-external-store/-/use-sync-external-store-1.2.0.tgz#7dbefd6ef3fe4e767a0cf5d7287aacfb5846928a"
  integrity sha512-eEgnFxGQ1Ife9bzYs6VLi8/4X6CObHMw9Qr9tPY43iKwsPw8xE8+EFsf/2cFZ5S3esXgpWgtSCtLNS41F+sKPA==

util-deprecate@^1.0.2:
  version "1.0.2"
  resolved "https://registry.npmjs.org/util-deprecate/-/util-deprecate-1.0.2.tgz"
  integrity sha1-RQ1Nyfpw3nMnYvvS1KKJgUGaDM8=

xtend@^4.0.2:
  version "4.0.2"
  resolved "https://registry.npmjs.org/xtend/-/xtend-4.0.2.tgz"
  integrity sha512-LKYU1iAXJXUgAXn9URjiu+MWhyUXHsvfp7mcuYm9dSUKK0/CjtrUwFAxD82/mCWbtLsGjFIad0wIsod4zrTAEQ==

yaml@^1.10.2:
  version "1.10.2"
  resolved "https://registry.npmjs.org/yaml/-/yaml-1.10.2.tgz"
  integrity sha512-r3vXyErRCYJ7wg28yvBY5VSoAF8ZvlcW9/BwUzEtUsjvX/DKs24dIkuwjtuprwJJHsbyUbLApepYTR1BN4uHrg==
